
Microsoft Visual Studio Solution File, Format Version 12.00
# Visual Studio Version 17
VisualStudioVersion = 17.9.34728.123
MinimumVisualStudioVersion = 10.0.40219.1
Project("{FAE04EC0-301F-11D3-BF4B-00C04F79EFBC}") = "Portfolio Web", "Portfolio Web\Portfolio Web.csproj", "{A395C990-0BDE-4F85-9D7F-37332D00D97E}"
EndProject
Global
	GlobalSection(SolutionConfigurationPlatforms) = preSolution
		Debug|Any CPU = Debug|Any CPU
		Release|Any CPU = Release|Any CPU
	EndGlobalSection
	GlobalSection(ProjectConfigurationPlatforms) = postSolution
		{A395C990-0BDE-4F85-9D7F-37332D00D97E}.Debug|Any CPU.ActiveCfg = Debug|Any CPU
		{A395C990-0BDE-4F85-9D7F-37332D00D97E}.Debug|Any CPU.Build.0 = Debug|Any CPU
		{A395C990-0BDE-4F85-9D7F-37332D00D97E}.Release|Any CPU.ActiveCfg = Release|Any CPU
		{A395C990-0BDE-4F85-9D7F-37332D00D97E}.Release|Any CPU.Build.0 = Release|Any CPU
	EndGlobalSection
	GlobalSection(SolutionProperties) = preSolution
		HideSolutionNode = FALSE
	EndGlobalSection
	GlobalSection(ExtensibilityGlobals) = postSolution
		SolutionGuid = {D2F92C75-95A8-4070-BB95-AFA6C96DAF87}
	EndGlobalSection
EndGlobal
